
Microsoft Visual Studio Solution File, Format Version 12.00
# Visual Studio Version 16
VisualStudioVersion = 16.0.29215.179
MinimumVisualStudioVersion = 10.0.40219.1
Project("{FAE04EC0-301F-11D3-BF4B-00C04F79EFBC}") = "ClientManagement234", "ClientManagement234\ClientManagement234.csproj", "{C2CF5C48-5D89-460C-B6EC-F4BB50900DB1}"
EndProject
Global
	GlobalSection(SolutionConfigurationPlatforms) = preSolution
		Debug|Any CPU = Debug|Any CPU
		Release|Any CPU = Release|Any CPU
	EndGlobalSection
	GlobalSection(ProjectConfigurationPlatforms) = postSolution
		{C2CF5C48-5D89-460C-B6EC-F4BB50900DB1}.Debug|Any CPU.ActiveCfg = Debug|Any CPU
		{C2CF5C48-5D89-460C-B6EC-F4BB50900DB1}.Debug|Any CPU.Build.0 = Debug|Any CPU
		{C2CF5C48-5D89-460C-B6EC-F4BB50900DB1}.Release|Any CPU.ActiveCfg = Release|Any CPU
		{C2CF5C48-5D89-460C-B6EC-F4BB50900DB1}.Release|Any CPU.Build.0 = Release|Any CPU
	EndGlobalSection
	GlobalSection(SolutionProperties) = preSolution
		HideSolutionNode = FALSE
	EndGlobalSection
	GlobalSection(ExtensibilityGlobals) = postSolution
		SolutionGuid = {4871FCBD-E454-4D7D-85FE-F208F6473E13}
	EndGlobalSection
EndGlobal
